
Microsoft Visual Studio Solution File, Format Version 12.00
# Visual Studio 2013
VisualStudioVersion = 12.0.30723.0
MinimumVisualStudioVersion = 10.0.40219.1
Project("{FAE04EC0-301F-11D3-BF4B-00C04F79EFBC}") = "Chronos", "Chronos\Chronos.csproj", "{8ACFB636-A6AE-4E33-932B-1A72C331BE16}"
EndProject
Project("{FAE04EC0-301F-11D3-BF4B-00C04F79EFBC}") = "Test", "Test\Test.csproj", "{2B474E69-73FE-4275-9333-006392F1F701}"
EndProject
Project("{2150E333-8FDC-42A3-9474-1A3956D46DE8}") = "build", "build", "{50901484-CF50-46C8-A16E-105D8E78E775}"
	ProjectSection(SolutionItems) = preProject
		..\build\build.proj = ..\build\build.proj
		..\NuGet\Chronos.nuspec = ..\NuGet\Chronos.nuspec
	EndProjectSection
EndProject
Project("{2150E333-8FDC-42A3-9474-1A3956D46DE8}") = ".nuget", ".nuget", "{D8BD6760-6549-4C2D-B3CA-9A7D37131343}"
	ProjectSection(SolutionItems) = preProject
		.nuget\NuGet.Config = .nuget\NuGet.Config
		.nuget\NuGet.exe = .nuget\NuGet.exe
		.nuget\NuGet.targets = .nuget\NuGet.targets
	EndProjectSection
EndProject
Project("{FAE04EC0-301F-11D3-BF4B-00C04F79EFBC}") = "Chronos.AWS", "Chronos.AWS\Chronos.AWS.csproj", "{F5518921-F7E3-4D94-A03F-B72C271083CB}"
EndProject
Project("{FAE04EC0-301F-11D3-BF4B-00C04F79EFBC}") = "Chronos.RabbitMq", "Chronos.RabbitMq\Chronos.RabbitMq.csproj", "{EA619EA7-A23F-4895-AF99-706FD8B43FB3}"
EndProject
Project("{FAE04EC0-301F-11D3-BF4B-00C04F79EFBC}") = "Chronos.PostgreSQL", "Chronos.PostgreSQL\Chronos.PostgreSQL.csproj", "{8C20224C-9F6B-4C3E-BBCD-FB061B9EF8D8}"
EndProject
Project("{FAE04EC0-301F-11D3-BF4B-00C04F79EFBC}") = "Chronos.ProtoBuffers", "Chronos.ProtoBuffers\Chronos.ProtoBuffers.csproj", "{5C5F43C3-CEE3-485C-940E-74D29F7E44A2}"
EndProject
Project("{FAE04EC0-301F-11D3-BF4B-00C04F79EFBC}") = "Benchmark", "Benchmark\Benchmark.csproj", "{6EDD71D1-C824-49E4-9643-6B86896D92A0}"
EndProject
Global
	GlobalSection(SolutionConfigurationPlatforms) = preSolution
		Debug|Any CPU = Debug|Any CPU
		Release|Any CPU = Release|Any CPU
	EndGlobalSection
	GlobalSection(ProjectConfigurationPlatforms) = postSolution
		{8ACFB636-A6AE-4E33-932B-1A72C331BE16}.Debug|Any CPU.ActiveCfg = Debug|Any CPU
		{8ACFB636-A6AE-4E33-932B-1A72C331BE16}.Debug|Any CPU.Build.0 = Debug|Any CPU
		{8ACFB636-A6AE-4E33-932B-1A72C331BE16}.Release|Any CPU.ActiveCfg = Release|Any CPU
		{8ACFB636-A6AE-4E33-932B-1A72C331BE16}.Release|Any CPU.Build.0 = Release|Any CPU
		{2B474E69-73FE-4275-9333-006392F1F701}.Debug|Any CPU.ActiveCfg = Debug|Any CPU
		{2B474E69-73FE-4275-9333-006392F1F701}.Debug|Any CPU.Build.0 = Debug|Any CPU
		{2B474E69-73FE-4275-9333-006392F1F701}.Release|Any CPU.ActiveCfg = Release|Any CPU
		{2B474E69-73FE-4275-9333-006392F1F701}.Release|Any CPU.Build.0 = Release|Any CPU
		{F5518921-F7E3-4D94-A03F-B72C271083CB}.Debug|Any CPU.ActiveCfg = Debug|Any CPU
		{F5518921-F7E3-4D94-A03F-B72C271083CB}.Debug|Any CPU.Build.0 = Debug|Any CPU
		{F5518921-F7E3-4D94-A03F-B72C271083CB}.Release|Any CPU.ActiveCfg = Release|Any CPU
		{F5518921-F7E3-4D94-A03F-B72C271083CB}.Release|Any CPU.Build.0 = Release|Any CPU
		{EA619EA7-A23F-4895-AF99-706FD8B43FB3}.Debug|Any CPU.ActiveCfg = Debug|Any CPU
		{EA619EA7-A23F-4895-AF99-706FD8B43FB3}.Debug|Any CPU.Build.0 = Debug|Any CPU
		{EA619EA7-A23F-4895-AF99-706FD8B43FB3}.Release|Any CPU.ActiveCfg = Release|Any CPU
		{EA619EA7-A23F-4895-AF99-706FD8B43FB3}.Release|Any CPU.Build.0 = Release|Any CPU
		{8C20224C-9F6B-4C3E-BBCD-FB061B9EF8D8}.Debug|Any CPU.ActiveCfg = Debug|Any CPU
		{8C20224C-9F6B-4C3E-BBCD-FB061B9EF8D8}.Debug|Any CPU.Build.0 = Debug|Any CPU
		{8C20224C-9F6B-4C3E-BBCD-FB061B9EF8D8}.Release|Any CPU.ActiveCfg = Release|Any CPU
		{8C20224C-9F6B-4C3E-BBCD-FB061B9EF8D8}.Release|Any CPU.Build.0 = Release|Any CPU
		{5C5F43C3-CEE3-485C-940E-74D29F7E44A2}.Debug|Any CPU.ActiveCfg = Debug|Any CPU
		{5C5F43C3-CEE3-485C-940E-74D29F7E44A2}.Debug|Any CPU.Build.0 = Debug|Any CPU
		{5C5F43C3-CEE3-485C-940E-74D29F7E44A2}.Release|Any CPU.ActiveCfg = Release|Any CPU
		{5C5F43C3-CEE3-485C-940E-74D29F7E44A2}.Release|Any CPU.Build.0 = Release|Any CPU
		{6EDD71D1-C824-49E4-9643-6B86896D92A0}.Debug|Any CPU.ActiveCfg = Debug|Any CPU
		{6EDD71D1-C824-49E4-9643-6B86896D92A0}.Debug|Any CPU.Build.0 = Debug|Any CPU
		{6EDD71D1-C824-49E4-9643-6B86896D92A0}.Release|Any CPU.ActiveCfg = Release|Any CPU
		{6EDD71D1-C824-49E4-9643-6B86896D92A0}.Release|Any CPU.Build.0 = Release|Any CPU
	EndGlobalSection
	GlobalSection(SolutionProperties) = preSolution
		HideSolutionNode = FALSE
	EndGlobalSection
EndGlobal
